
Microsoft Visual Studio Solution File, Format Version 12.00
# Visual Studio Version 16
VisualStudioVersion = 16.0.30114.105
MinimumVisualStudioVersion = 10.0.40219.1
Project("{2150E333-8FDC-42A3-9474-1A3956D46DE8}") = "github-pr-changes-checker-action", "github-pr-changes-checker-action", "{2B7A56A8-FE78-4062-AD32-72AA1E46389F}"
EndProject
Project("{FAE04EC0-301F-11D3-BF4B-00C04F79EFBC}") = "github-pr-changes-checker-action", "github-pr-changes-checker-action\src\github-pr-changes-checker-action.csproj", "{0032DD0E-FA4D-4405-8052-8B5692D5AD90}"
EndProject
Project("{FAE04EC0-301F-11D3-BF4B-00C04F79EFBC}") = "GithubPrChangesCheckerActionTests", "github-pr-changes-checker-action\test\GithubPrChangesCheckerActionTests.csproj", "{5EA0DA72-DFA7-4F19-9C2E-3AB21C47C47A}"
EndProject
Global
	GlobalSection(SolutionConfigurationPlatforms) = preSolution
		Debug|Any CPU = Debug|Any CPU
		Release|Any CPU = Release|Any CPU
	EndGlobalSection
	GlobalSection(SolutionProperties) = preSolution
		HideSolutionNode = FALSE
	EndGlobalSection
	GlobalSection(ProjectConfigurationPlatforms) = postSolution
		{0032DD0E-FA4D-4405-8052-8B5692D5AD90}.Debug|Any CPU.ActiveCfg = Debug|Any CPU
		{0032DD0E-FA4D-4405-8052-8B5692D5AD90}.Debug|Any CPU.Build.0 = Debug|Any CPU
		{0032DD0E-FA4D-4405-8052-8B5692D5AD90}.Release|Any CPU.ActiveCfg = Release|Any CPU
		{0032DD0E-FA4D-4405-8052-8B5692D5AD90}.Release|Any CPU.Build.0 = Release|Any CPU
		{5EA0DA72-DFA7-4F19-9C2E-3AB21C47C47A}.Debug|Any CPU.ActiveCfg = Debug|Any CPU
		{5EA0DA72-DFA7-4F19-9C2E-3AB21C47C47A}.Debug|Any CPU.Build.0 = Debug|Any CPU
		{5EA0DA72-DFA7-4F19-9C2E-3AB21C47C47A}.Release|Any CPU.ActiveCfg = Release|Any CPU
		{5EA0DA72-DFA7-4F19-9C2E-3AB21C47C47A}.Release|Any CPU.Build.0 = Release|Any CPU
	EndGlobalSection
	GlobalSection(NestedProjects) = preSolution
		{0032DD0E-FA4D-4405-8052-8B5692D5AD90} = {2B7A56A8-FE78-4062-AD32-72AA1E46389F}
		{5EA0DA72-DFA7-4F19-9C2E-3AB21C47C47A} = {2B7A56A8-FE78-4062-AD32-72AA1E46389F}
	EndGlobalSection
EndGlobal
